
Microsoft Visual Studio Solution File, Format Version 12.00
# Visual Studio 14
VisualStudioVersion = 14.0.25420.1
MinimumVisualStudioVersion = 10.0.40219.1
Project("{FAE04EC0-301F-11D3-BF4B-00C04F79EFBC}") = "ArcGISRouteTest", "ArcGISRouteTest\ArcGISRouteTest.csproj", "{03940B29-A302-4559-9264-7E0AA13AD920}"
EndProject
Project("{FAE04EC0-301F-11D3-BF4B-00C04F79EFBC}") = "ArcGISRouteTools", "ArcGISRouteTools\ArcGISRouteTools.csproj", "{89BA9825-ADFC-4154-A1C3-A2F1D2F58F68}"
EndProject
Global
	GlobalSection(SolutionConfigurationPlatforms) = preSolution
		Debug|Any CPU = Debug|Any CPU
		Release|Any CPU = Release|Any CPU
	EndGlobalSection
	GlobalSection(ProjectConfigurationPlatforms) = postSolution
		{03940B29-A302-4559-9264-7E0AA13AD920}.Debug|Any CPU.ActiveCfg = Debug|Any CPU
		{03940B29-A302-4559-9264-7E0AA13AD920}.Debug|Any CPU.Build.0 = Debug|Any CPU
		{03940B29-A302-4559-9264-7E0AA13AD920}.Release|Any CPU.ActiveCfg = Release|Any CPU
		{03940B29-A302-4559-9264-7E0AA13AD920}.Release|Any CPU.Build.0 = Release|Any CPU
		{89BA9825-ADFC-4154-A1C3-A2F1D2F58F68}.Debug|Any CPU.ActiveCfg = Debug|Any CPU
		{89BA9825-ADFC-4154-A1C3-A2F1D2F58F68}.Debug|Any CPU.Build.0 = Debug|Any CPU
		{89BA9825-ADFC-4154-A1C3-A2F1D2F58F68}.Release|Any CPU.ActiveCfg = Release|Any CPU
		{89BA9825-ADFC-4154-A1C3-A2F1D2F58F68}.Release|Any CPU.Build.0 = Release|Any CPU
	EndGlobalSection
	GlobalSection(SolutionProperties) = preSolution
		HideSolutionNode = FALSE
	EndGlobalSection
EndGlobal
